
Microsoft Visual Studio Solution File, Format Version 11.00
# Visual Studio 2010
Project("{FAE04EC0-301F-11D3-BF4B-00C04F79EFBC}") = "ScreenCap", "ScreenCap\ScreenCap.csproj", "{2A3B37A1-9B13-4FA9-A62D-EA93A3895502}"
EndProject
Global
	GlobalSection(SolutionConfigurationPlatforms) = preSolution
		Debug|x86 = Debug|x86
		Release|x86 = Release|x86
	EndGlobalSection
	GlobalSection(ProjectConfigurationPlatforms) = postSolution
		{2A3B37A1-9B13-4FA9-A62D-EA93A3895502}.Debug|x86.ActiveCfg = Debug|x86
		{2A3B37A1-9B13-4FA9-A62D-EA93A3895502}.Debug|x86.Build.0 = Debug|x86
		{2A3B37A1-9B13-4FA9-A62D-EA93A3895502}.Release|x86.ActiveCfg = Release|x86
		{2A3B37A1-9B13-4FA9-A62D-EA93A3895502}.Release|x86.Build.0 = Release|x86
	EndGlobalSection
	GlobalSection(SolutionProperties) = preSolution
		HideSolutionNode = FALSE
	EndGlobalSection
EndGlobal
